
Microsoft Visual Studio Solution File, Format Version 12.00
# Visual Studio 14
VisualStudioVersion = 14.0.23107.0
MinimumVisualStudioVersion = 10.0.40219.1
Project("{FAE04EC0-301F-11D3-BF4B-00C04F79EFBC}") = "WebApp", "WebApp\WebApp.csproj", "{399EBE21-1B28-4290-8BE5-0A0CAA6629B5}"
EndProject
Project("{FAE04EC0-301F-11D3-BF4B-00C04F79EFBC}") = "Worker", "Worker\Worker.csproj", "{A49A537D-A4BA-472F-B8A0-06246CF6C33E}"
EndProject
Global
	GlobalSection(SolutionConfigurationPlatforms) = preSolution
		Debug|Any CPU = Debug|Any CPU
		Release|Any CPU = Release|Any CPU
	EndGlobalSection
	GlobalSection(ProjectConfigurationPlatforms) = postSolution
		{399EBE21-1B28-4290-8BE5-0A0CAA6629B5}.Debug|Any CPU.ActiveCfg = Debug|Any CPU
		{399EBE21-1B28-4290-8BE5-0A0CAA6629B5}.Debug|Any CPU.Build.0 = Debug|Any CPU
		{399EBE21-1B28-4290-8BE5-0A0CAA6629B5}.Release|Any CPU.ActiveCfg = Release|Any CPU
		{399EBE21-1B28-4290-8BE5-0A0CAA6629B5}.Release|Any CPU.Build.0 = Release|Any CPU
		{A49A537D-A4BA-472F-B8A0-06246CF6C33E}.Debug|Any CPU.ActiveCfg = Debug|Any CPU
		{A49A537D-A4BA-472F-B8A0-06246CF6C33E}.Debug|Any CPU.Build.0 = Debug|Any CPU
		{A49A537D-A4BA-472F-B8A0-06246CF6C33E}.Release|Any CPU.ActiveCfg = Release|Any CPU
		{A49A537D-A4BA-472F-B8A0-06246CF6C33E}.Release|Any CPU.Build.0 = Release|Any CPU
	EndGlobalSection
	GlobalSection(SolutionProperties) = preSolution
		HideSolutionNode = FALSE
	EndGlobalSection
EndGlobal
